%{
  "aebytecode": {:git, "https://github.com/aeternity/aebytecode.git", "befa1e3ff9c53c1054917c82e3b30c1c3c743f4f", [ref: "befa1e3"]},
  "aecuckoo": {:git, "https://github.com/aeternity/aecuckoo.git", "fa3d13e8c7003589153223f634c851d389b61b93", [ref: "fa3d13e"]},
  "aeserialization": {:git, "https://github.com/aeternity/aeserialization.git", "4a072977745571ceb6cf34e6387a96b808ae20b3", [ref: "4a07297"]},
  "aesophia": {:git, "https://github.com/aeternity/aesophia.git", "73b9a54172d5971b8ac47f2662f48a6e7d526c1f", [ref: "73b9a54"]},
  "aeternity": {:git, "https://github.com/aeternity/aeternity", "a2fdf3bfcc1a0610e9bf02a4abe7a42b28dfb4e0", []},
  "base58": {:git, "https://github.com/aeternity/erl-base58.git", "60a335668a60328a29f9731b67c4a0e9e3d50ab6", [ref: "60a3356"]},
  "bear": {:git, "https://github.com/folsom-project/bear.git", "2c831ecf77dbae2de6cd587170bfadbdebefbb0b", [tag: "0.8.3"]},
  "cowboy": {:hex, :cowboy, "2.7.0", "91ed100138a764355f43316b1d23d7ff6bdb0de4ea618cb5d8677c93a7a2f115", [:rebar3], [{:cowlib, "~> 2.8.0", [hex: :cowlib, repo: "hexpm", optional: false]}, {:ranch, "~> 1.7.1", [hex: :ranch, repo: "hexpm", optional: false]}], "hexpm"},
  "cowlib": {:hex, :cowlib, "2.8.0", "fd0ff1787db84ac415b8211573e9a30a3ebe71b5cbff7f720089972b2319c8a4", [:rebar3], [], "hexpm"},
  "eblake2": {:hex, :eblake2, "1.0.0", "ec8ad20e438aab3f2e8d5d118c366a0754219195f8a0f536587440f8f9bcf2ef", [:rebar3], []},
  "enacl": {:git, "https://github.com/aeternity/enacl.git", "26180f42c0b3a450905d2efd8bc7fd5fd9cece75", [ref: "26180f4"]},
  "exometer_core": {:git, "https://github.com/aeternity/exometer_core.git", "588da231c885390a9b3c08a367949750f32d143c", [ref: "588da23"]},
  "file_system": {:hex, :file_system, "0.2.7", "e6f7f155970975789f26e77b8b8d8ab084c59844d8ecfaf58cbda31c494d14aa", [:mix], [], "hexpm"},
  "folsom": {:git, "git://github.com/folsom-project/folsom", "0948c5f7a2221cc7c4975d042b13c84bb9387517", [tag: "0.8.5"]},
  "getopt": {:hex, :getopt, "1.0.1", "c73a9fa687b217f2ff79f68a3b637711bb1936e712b521d8ce466b29cbf7808a", [:rebar3], []},
  "gettext": {:hex, :gettext, "0.17.1", "8baab33482df4907b3eae22f719da492cee3981a26e649b9c2be1c0192616962", [:mix], [], "hexpm"},
  "goldrush": {:git, "https://github.com/DeadZen/goldrush.git", "8f1b715d36b650ec1e1f5612c00e28af6ab0de82", [tag: "0.1.9"]},
  "httpotion": {:hex, :httpotion, "3.1.3", "fdaf1e16b9318dcb722de57e75ac368c93d4c6e3c9125f93e960f953a750fb77", [:mix], [{:ibrowse, "== 4.4.0", [hex: :ibrowse, optional: false]}]},
  "hut": {:git, "git://github.com/tolbrino/hut.git", "025540398478ab6f95932c3234382ac5bb21ad3e", [tag: "v1.1.1"]},
  "ibrowse": {:hex, :ibrowse, "4.4.0", "2d923325efe0d2cb09b9c6a047b2835a5eda69d8a47ed6ff8bc03628b764e991", [:rebar3], []},
  "jason": {:hex, :jason, "1.1.2", "b03dedea67a99223a2eaf9f1264ce37154564de899fd3d8b9a21b1a6fd64afe7", [:mix], [{:decimal, "~> 1.0", [hex: :decimal, repo: "hexpm", optional: true]}], "hexpm"},
  "jsx": {:git, "https://github.com/talentdeficit/jsx.git", "3074d4865b3385a050badf7828ad31490d860df5", [tag: "2.8.0"]},
  "lager": {:git, "https://github.com/erlang-lager/lager.git", "69b4ada2341b8ab2cf5c8e464ac936e5e4a9f62b", [ref: "69b4ada"]},
  "meck": {:git, "https://github.com/eproxus/meck.git", "70cfe7c67170af9d8f443c590904e11e807b7dee", [tag: "0.8.11"]},
  "mime": {:hex, :mime, "1.3.1", "30ce04ab3175b6ad0bdce0035cba77bba68b813d523d1aac73d9781b4d193cf8", [:mix], [], "hexpm"},
  "parse_trans": {:git, "git://github.com/uwiger/parse_trans.git", "6f3645afb43c7c57d61b54ef59aecab288ce1013", [tag: "3.0.0"]},
  "phoenix": {:hex, :phoenix, "1.4.11", "d112c862f6959f98e6e915c3b76c7a87ca3efd075850c8daa7c3c7a609014b0d", [:mix], [{:jason, "~> 1.0", [hex: :jason, repo: "hexpm", optional: true]}, {:phoenix_pubsub, "~> 1.1", [hex: :phoenix_pubsub, repo: "hexpm", optional: false]}, {:plug, "~> 1.8.1 or ~> 1.9", [hex: :plug, repo: "hexpm", optional: false]}, {:plug_cowboy, "~> 1.0 or ~> 2.0", [hex: :plug_cowboy, repo: "hexpm", optional: true]}, {:telemetry, "~> 0.4", [hex: :telemetry, repo: "hexpm", optional: false]}], "hexpm"},
  "phoenix_html": {:hex, :phoenix_html, "2.13.3", "850e292ff6e204257f5f9c4c54a8cb1f6fbc16ed53d360c2b780a3d0ba333867", [:mix], [{:plug, "~> 1.5", [hex: :plug, repo: "hexpm", optional: false]}], "hexpm"},
  "phoenix_live_reload": {:hex, :phoenix_live_reload, "1.2.1", "274a4b07c4adbdd7785d45a8b0bb57634d0b4f45b18d2c508b26c0344bd59b8f", [:mix], [{:file_system, "~> 0.2.1 or ~> 0.3", [hex: :file_system, repo: "hexpm", optional: false]}, {:phoenix, "~> 1.4", [hex: :phoenix, repo: "hexpm", optional: false]}], "hexpm"},
  "phoenix_pubsub": {:hex, :phoenix_pubsub, "1.1.2", "496c303bdf1b2e98a9d26e89af5bba3ab487ba3a3735f74bf1f4064d2a845a3e", [:mix], [], "hexpm"},
  "plug": {:hex, :plug, "1.8.3", "12d5f9796dc72e8ac9614e94bda5e51c4c028d0d428e9297650d09e15a684478", [:mix], [{:mime, "~> 1.0", [hex: :mime, repo: "hexpm", optional: false]}, {:plug_crypto, "~> 1.0", [hex: :plug_crypto, repo: "hexpm", optional: false]}, {:telemetry, "~> 0.4", [hex: :telemetry, repo: "hexpm", optional: true]}], "hexpm"},
  "plug_cowboy": {:hex, :plug_cowboy, "2.1.0", "b75768153c3a8a9e8039d4b25bb9b14efbc58e9c4a6e6a270abff1cd30cbe320", [:mix], [{:cowboy, "~> 2.5", [hex: :cowboy, repo: "hexpm", optional: false]}, {:plug, "~> 1.7", [hex: :plug, repo: "hexpm", optional: false]}], "hexpm"},
  "plug_crypto": {:hex, :plug_crypto, "1.0.0", "18e49317d3fa343f24620ed22795ec29d4a5e602d52d1513ccea0b07d8ea7d4d", [:mix], [], "hexpm"},
  "poison": {:hex, :poison, "3.1.0", "d9eb636610e096f86f25d9a46f35a9facac35609a7591b3be3326e99a0484665", [:mix], []},
  "ranch": {:hex, :ranch, "1.7.1", "6b1fab51b49196860b733a49c07604465a47bdb78aa10c1c16a3d199f7f8c881", [:rebar3], [], "hexpm"},
  "setup": {:git, "git://github.com/uwiger/setup.git", "a0b5a237b6359795af24257fee41d97bf1602819", [tag: "1.8.2"]},
  "sext": {:git, "https://github.com/uwiger/sext.git", "07a4c2d66fbf353bc62f3f4dc11eb7ee55c26b06", [ref: "07a4c2d66"]},
  "telemetry": {:hex, :telemetry, "0.4.1", "ae2718484892448a24470e6aa341bc847c3277bfb8d4e9289f7474d752c09c7f", [:rebar3], [], "hexpm"},
  "trace_runner": {:git, "git://github.com/uwiger/trace_runner.git", "303ef2f8a85748daa3852c8342b55c61de0f62d3", [ref: "303ef2f"]},
  "websockex": {:hex, :websockex, "0.4.2", "9a3b7dc25655517ecd3f8ff7109a77fce94956096b942836cdcfbc7c86603ecc", [:mix], []},
}
